
Microsoft Visual Studio Solution File, Format Version 12.00
# Visual Studio Version 17
VisualStudioVersion = 17.8.34511.84
MinimumVisualStudioVersion = 10.0.40219.1
Project("{FAE04EC0-301F-11D3-BF4B-00C04F79EFBC}") = "SD19308_DataGridView", "SD19308_DataGridView\SD19308_DataGridView.csproj", "{0971A6FC-4FCC-42B9-800F-CD84BA912081}"
EndProject
Global
	GlobalSection(SolutionConfigurationPlatforms) = preSolution
		Debug|Any CPU = Debug|Any CPU
		Release|Any CPU = Release|Any CPU
	EndGlobalSection
	GlobalSection(ProjectConfigurationPlatforms) = postSolution
		{0971A6FC-4FCC-42B9-800F-CD84BA912081}.Debug|Any CPU.ActiveCfg = Debug|Any CPU
		{0971A6FC-4FCC-42B9-800F-CD84BA912081}.Debug|Any CPU.Build.0 = Debug|Any CPU
		{0971A6FC-4FCC-42B9-800F-CD84BA912081}.Release|Any CPU.ActiveCfg = Release|Any CPU
		{0971A6FC-4FCC-42B9-800F-CD84BA912081}.Release|Any CPU.Build.0 = Release|Any CPU
	EndGlobalSection
	GlobalSection(SolutionProperties) = preSolution
		HideSolutionNode = FALSE
	EndGlobalSection
	GlobalSection(ExtensibilityGlobals) = postSolution
		SolutionGuid = {F64A4880-93AC-4D70-9C84-9FED1EEA4B8A}
	EndGlobalSection
EndGlobal
